
Microsoft Visual Studio Solution File, Format Version 12.00
# Visual Studio Version 17
VisualStudioVersion = 17.7.34024.191
MinimumVisualStudioVersion = 10.0.40219.1
Project("{8BC9CEB8-8B4A-11D0-8D11-00A0C91BC942}") = "Project_one", "Project_one.vcxproj", "{C7339420-5407-4173-8C80-10603CC29CB0}"
EndProject
Global
	GlobalSection(SolutionConfigurationPlatforms) = preSolution
		Debug|x64 = Debug|x64
		Debug|x86 = Debug|x86
		Release|x64 = Release|x64
		Release|x86 = Release|x86
	EndGlobalSection
	GlobalSection(ProjectConfigurationPlatforms) = postSolution
		{C7339420-5407-4173-8C80-10603CC29CB0}.Debug|x64.ActiveCfg = Debug|x64
		{C7339420-5407-4173-8C80-10603CC29CB0}.Debug|x64.Build.0 = Debug|x64
		{C7339420-5407-4173-8C80-10603CC29CB0}.Debug|x86.ActiveCfg = Debug|Win32
		{C7339420-5407-4173-8C80-10603CC29CB0}.Debug|x86.Build.0 = Debug|Win32
		{C7339420-5407-4173-8C80-10603CC29CB0}.Release|x64.ActiveCfg = Release|x64
		{C7339420-5407-4173-8C80-10603CC29CB0}.Release|x64.Build.0 = Release|x64
		{C7339420-5407-4173-8C80-10603CC29CB0}.Release|x86.ActiveCfg = Release|Win32
		{C7339420-5407-4173-8C80-10603CC29CB0}.Release|x86.Build.0 = Release|Win32
	EndGlobalSection
	GlobalSection(SolutionProperties) = preSolution
		HideSolutionNode = FALSE
	EndGlobalSection
	GlobalSection(ExtensibilityGlobals) = postSolution
		SolutionGuid = {1501DA9E-07E1-4960-B97C-CBC9CD77E088}
	EndGlobalSection
EndGlobal
